
Microsoft Visual Studio Solution File, Format Version 12.00
# Visual Studio Version 16
VisualStudioVersion = 16.0.30717.126
MinimumVisualStudioVersion = 10.0.40219.1
Project("{FAE04EC0-301F-11D3-BF4B-00C04F79EFBC}") = "EvolutionGame", "EvolutionGame\EvolutionGame.csproj", "{9E9B0B6F-5306-4879-B386-9B16769BE880}"
EndProject
Global
	GlobalSection(SolutionConfigurationPlatforms) = preSolution
		Debug|Any CPU = Debug|Any CPU
		Release|Any CPU = Release|Any CPU
	EndGlobalSection
	GlobalSection(ProjectConfigurationPlatforms) = postSolution
		{9E9B0B6F-5306-4879-B386-9B16769BE880}.Debug|Any CPU.ActiveCfg = Debug|Any CPU
		{9E9B0B6F-5306-4879-B386-9B16769BE880}.Debug|Any CPU.Build.0 = Debug|Any CPU
		{9E9B0B6F-5306-4879-B386-9B16769BE880}.Release|Any CPU.ActiveCfg = Release|Any CPU
		{9E9B0B6F-5306-4879-B386-9B16769BE880}.Release|Any CPU.Build.0 = Release|Any CPU
	EndGlobalSection
	GlobalSection(SolutionProperties) = preSolution
		HideSolutionNode = FALSE
	EndGlobalSection
	GlobalSection(ExtensibilityGlobals) = postSolution
		SolutionGuid = {F4497735-4319-4FC8-ABFA-94596E73D99F}
	EndGlobalSection
EndGlobal
